github.com/rez-go/crock32 v0.0.0-20210224111353-8fde4331511d h1:l2qiHnQPq6c9jf4hQpkANdu1nACdq0MRjuR27cc4XNM=
github.com/rez-go/crock32 v0.0.0-20210224111353-8fde4331511d/go.mod h1:rgG3aWE3BAy73pozswKYLc+Va/WraKM393e7yNkbhZ0=
golang.org/x/text v0.14.0 h1:ScX5w1eTa3QqT8oi6+ziP7dTV1S2+ALU0bI+0zXKWiQ=
golang.org/x/text v0.14.0/go.mod h1:18ZOQIKpY8NJVqYksKHtTdi31H5itFRjB5/qKTNYzSU=
