github.com/rez-go/crock32 v0.0.0-20210224111353-8fde4331511d h1:l2qiHnQPq6c9jf4hQpkANdu1nACdq0MRjuR27cc4XNM=
github.com/rez-go/crock32 v0.0.0-20210224111353-8fde4331511d/go.mod h1:rgG3aWE3BAy73pozswKYLc+Va/WraKM393e7yNkbhZ0=
golang.org/x/text v0.3.7 h1:olpwvP2KacW1ZWvsR7uQhoyTYvKAupfQrRGBFM352Gk=
golang.org/x/text v0.3.7/go.mod h1:u+2+/6zg+i71rQMx5EYifcz6MCKuco9NR6JIITiCfzQ=
